
Microsoft Visual Studio Solution File, Format Version 12.00
# Visual Studio 2013
VisualStudioVersion = 12.0.31101.0
MinimumVisualStudioVersion = 10.0.40219.1
Project("{8BC9CEB8-8B4A-11D0-8D11-00A0C91BC942}") = "btlPutty", "btlPutty\btlPutty.vcxproj", "{F5AC2EC0-30DF-47C7-A408-21F7EF9DEF66}"
EndProject
Global
	GlobalSection(SolutionConfigurationPlatforms) = preSolution
		Debug|Win32 = Debug|Win32
		Release|Win32 = Release|Win32
	EndGlobalSection
	GlobalSection(ProjectConfigurationPlatforms) = postSolution
		{F5AC2EC0-30DF-47C7-A408-21F7EF9DEF66}.Debug|Win32.ActiveCfg = Debug|Win32
		{F5AC2EC0-30DF-47C7-A408-21F7EF9DEF66}.Debug|Win32.Build.0 = Debug|Win32
		{F5AC2EC0-30DF-47C7-A408-21F7EF9DEF66}.Release|Win32.ActiveCfg = Release|Win32
		{F5AC2EC0-30DF-47C7-A408-21F7EF9DEF66}.Release|Win32.Build.0 = Release|Win32
	EndGlobalSection
	GlobalSection(SolutionProperties) = preSolution
		HideSolutionNode = FALSE
	EndGlobalSection
EndGlobal
